
Microsoft Visual Studio Solution File, Format Version 12.00
# Visual Studio Version 16
VisualStudioVersion = 16.0.30717.126
MinimumVisualStudioVersion = 10.0.40219.1
Project("{FAE04EC0-301F-11D3-BF4B-00C04F79EFBC}") = "TaskСontrol", "TaskСontrol\TaskСontrol.csproj", "{B57B58DE-959D-4234-BE19-354A0907B38E}"
EndProject
Global
	GlobalSection(SolutionConfigurationPlatforms) = preSolution
		Debug|Any CPU = Debug|Any CPU
		Release|Any CPU = Release|Any CPU
	EndGlobalSection
	GlobalSection(ProjectConfigurationPlatforms) = postSolution
		{B57B58DE-959D-4234-BE19-354A0907B38E}.Debug|Any CPU.ActiveCfg = Debug|Any CPU
		{B57B58DE-959D-4234-BE19-354A0907B38E}.Debug|Any CPU.Build.0 = Debug|Any CPU
		{B57B58DE-959D-4234-BE19-354A0907B38E}.Release|Any CPU.ActiveCfg = Release|Any CPU
		{B57B58DE-959D-4234-BE19-354A0907B38E}.Release|Any CPU.Build.0 = Release|Any CPU
	EndGlobalSection
	GlobalSection(SolutionProperties) = preSolution
		HideSolutionNode = FALSE
	EndGlobalSection
	GlobalSection(ExtensibilityGlobals) = postSolution
		SolutionGuid = {CE55A2C1-6099-4CC5-97FC-044F7246C7B9}
	EndGlobalSection
EndGlobal
